<Solution>
  <Folder Name="/Solution Items/">
    <File Path="AGENTS.md" />
    <File Path="CLAUDE.md" />
  </Folder>
  <Folder Name="/src/" />
  <Folder Name="/src/BuildingBlocks/">
    <Project Path="src/BuildingBlocks/Core/Core.csproj" />
    <Project Path="src/BuildingBlocks/Persistence/Persistence.csproj" />
    <Project Path="src/BuildingBlocks/Web/Web.csproj" />
  </Folder>
  <Folder Name="/src/Host/">
    <Project Path="src/Host/MedClinic.Api/MedClinic.Api.csproj" />
    <Project Path="src/Host/MedClinic.DbMigrator/MedClinic.DbMigrator.csproj" />
    <Project Path="src/Host/MedClinic.Migrations.PostgreSQL/MedClinic.Migrations.PostgreSQL.csproj" />
  </Folder>
  <Folder Name="/src/Modules/" />
  <Folder Name="/src/Modules/Patients/">
    <Project Path="src/Modules/Patients/Patients.Contracts/Patients.Contracts.csproj" />
    <Project Path="src/Modules/Patients/Patients/Patients.csproj" />
  </Folder>
  <Folder Name="/src/Modules/Appointments/">
    <Project Path="src/Modules/Appointments/Appointments.Contracts/Appointments.Contracts.csproj" />
    <Project Path="src/Modules/Appointments/Appointments/Appointments.csproj" />
  </Folder>
  <Folder Name="/src/Modules/Encounters/">
    <Project Path="src/Modules/Encounters/Encounters.Contracts/Encounters.Contracts.csproj" />
    <Project Path="src/Modules/Encounters/Encounters/Encounters.csproj" />
  </Folder>
  <Folder Name="/src/Modules/Prescriptions/">
    <Project Path="src/Modules/Prescriptions/Prescriptions.Contracts/Prescriptions.Contracts.csproj" />
    <Project Path="src/Modules/Prescriptions/Prescriptions/Prescriptions.csproj" />
  </Folder>
</Solution>
